
Microsoft Visual Studio Solution File, Format Version 12.00
# Visual Studio Version 17
VisualStudioVersion = 17.11.35327.3
MinimumVisualStudioVersion = 10.0.40219.1
Project("{FAE04EC0-301F-11D3-BF4B-00C04F79EFBC}") = "GitHubApi", "GitHubApi\GitHubApi.csproj", "{56AF1690-5AF2-4426-8175-34103470FFB0}"
EndProject
Project("{FAE04EC0-301F-11D3-BF4B-00C04F79EFBC}") = "Service", "GitHubServer\Service.csproj", "{4C484EFD-88CA-4DCB-B529-5E4004C7D253}"
EndProject
Global
	GlobalSection(SolutionConfigurationPlatforms) = preSolution
		Debug|Any CPU = Debug|Any CPU
		Release|Any CPU = Release|Any CPU
	EndGlobalSection
	GlobalSection(ProjectConfigurationPlatforms) = postSolution
		{56AF1690-5AF2-4426-8175-34103470FFB0}.Debug|Any CPU.ActiveCfg = Debug|Any CPU
		{56AF1690-5AF2-4426-8175-34103470FFB0}.Debug|Any CPU.Build.0 = Debug|Any CPU
		{56AF1690-5AF2-4426-8175-34103470FFB0}.Release|Any CPU.ActiveCfg = Release|Any CPU
		{56AF1690-5AF2-4426-8175-34103470FFB0}.Release|Any CPU.Build.0 = Release|Any CPU
		{4C484EFD-88CA-4DCB-B529-5E4004C7D253}.Debug|Any CPU.ActiveCfg = Debug|Any CPU
		{4C484EFD-88CA-4DCB-B529-5E4004C7D253}.Debug|Any CPU.Build.0 = Debug|Any CPU
		{4C484EFD-88CA-4DCB-B529-5E4004C7D253}.Release|Any CPU.ActiveCfg = Release|Any CPU
		{4C484EFD-88CA-4DCB-B529-5E4004C7D253}.Release|Any CPU.Build.0 = Release|Any CPU
	EndGlobalSection
	GlobalSection(SolutionProperties) = preSolution
		HideSolutionNode = FALSE
	EndGlobalSection
	GlobalSection(ExtensibilityGlobals) = postSolution
		SolutionGuid = {697FC01F-0704-4E74-919F-4F574496F8D2}
	EndGlobalSection
EndGlobal
